
Microsoft Visual Studio Solution File, Format Version 12.00
# Visual Studio Version 16
VisualStudioVersion = 16.0.30225.117
MinimumVisualStudioVersion = 10.0.40219.1
Project("{FAE04EC0-301F-11D3-BF4B-00C04F79EFBC}") = "TheSeventiesApi", "TheSeventiesApi\TheSeventiesApi.csproj", "{C74CB4A7-1DD2-4F6C-9830-7DDCE8203A89}"
EndProject
Global
	GlobalSection(SolutionConfigurationPlatforms) = preSolution
		Debug|Any CPU = Debug|Any CPU
		Release|Any CPU = Release|Any CPU
	EndGlobalSection
	GlobalSection(ProjectConfigurationPlatforms) = postSolution
		{C74CB4A7-1DD2-4F6C-9830-7DDCE8203A89}.Debug|Any CPU.ActiveCfg = Debug|Any CPU
		{C74CB4A7-1DD2-4F6C-9830-7DDCE8203A89}.Debug|Any CPU.Build.0 = Debug|Any CPU
		{C74CB4A7-1DD2-4F6C-9830-7DDCE8203A89}.Release|Any CPU.ActiveCfg = Release|Any CPU
		{C74CB4A7-1DD2-4F6C-9830-7DDCE8203A89}.Release|Any CPU.Build.0 = Release|Any CPU
	EndGlobalSection
	GlobalSection(SolutionProperties) = preSolution
		HideSolutionNode = FALSE
	EndGlobalSection
	GlobalSection(ExtensibilityGlobals) = postSolution
		SolutionGuid = {F4C07229-F06A-4AB9-8351-7EF1430D0867}
	EndGlobalSection
EndGlobal
