
Microsoft Visual Studio Solution File, Format Version 12.00
# Visual Studio Version 16
VisualStudioVersion = 16.0.30225.117
MinimumVisualStudioVersion = 10.0.40219.1
Project("{FAE04EC0-301F-11D3-BF4B-00C04F79EFBC}") = "DemoApp", "DemoApp\DemoApp.csproj", "{4D61875B-039C-4461-885C-B5EA6ADF4BBA}"
EndProject
Global
	GlobalSection(SolutionConfigurationPlatforms) = preSolution
		Debug|Any CPU = Debug|Any CPU
		Release|Any CPU = Release|Any CPU
	EndGlobalSection
	GlobalSection(ProjectConfigurationPlatforms) = postSolution
		{4D61875B-039C-4461-885C-B5EA6ADF4BBA}.Debug|Any CPU.ActiveCfg = Debug|Any CPU
		{4D61875B-039C-4461-885C-B5EA6ADF4BBA}.Debug|Any CPU.Build.0 = Debug|Any CPU
		{4D61875B-039C-4461-885C-B5EA6ADF4BBA}.Release|Any CPU.ActiveCfg = Release|Any CPU
		{4D61875B-039C-4461-885C-B5EA6ADF4BBA}.Release|Any CPU.Build.0 = Release|Any CPU
	EndGlobalSection
	GlobalSection(SolutionProperties) = preSolution
		HideSolutionNode = FALSE
	EndGlobalSection
	GlobalSection(ExtensibilityGlobals) = postSolution
		SolutionGuid = {C9AE0C13-D5F1-4A98-B993-638F0F9168C5}
	EndGlobalSection
EndGlobal
